
Microsoft Visual Studio Solution File, Format Version 12.00
# Visual Studio Version 17
VisualStudioVersion = 17.13.35931.197 d17.13
MinimumVisualStudioVersion = 10.0.40219.1
Project("{FAE04EC0-301F-11D3-BF4B-00C04F79EFBC}") = "HotelManagementSystem", "HotelManagementSystem\HotelManagementSystem.csproj", "{1383A0D2-9B34-4A64-8E62-D7A7FEE33A0A}"
EndProject
Global
	GlobalSection(SolutionConfigurationPlatforms) = preSolution
		Debug|Any CPU = Debug|Any CPU
		Release|Any CPU = Release|Any CPU
	EndGlobalSection
	GlobalSection(ProjectConfigurationPlatforms) = postSolution
		{1383A0D2-9B34-4A64-8E62-D7A7FEE33A0A}.Debug|Any CPU.ActiveCfg = Debug|Any CPU
		{1383A0D2-9B34-4A64-8E62-D7A7FEE33A0A}.Debug|Any CPU.Build.0 = Debug|Any CPU
		{1383A0D2-9B34-4A64-8E62-D7A7FEE33A0A}.Release|Any CPU.ActiveCfg = Release|Any CPU
		{1383A0D2-9B34-4A64-8E62-D7A7FEE33A0A}.Release|Any CPU.Build.0 = Release|Any CPU
	EndGlobalSection
	GlobalSection(SolutionProperties) = preSolution
		HideSolutionNode = FALSE
	EndGlobalSection
	GlobalSection(ExtensibilityGlobals) = postSolution
		SolutionGuid = {1800D92E-2772-456B-B7E0-F51A1169D150}
	EndGlobalSection
EndGlobal
